
Microsoft Visual Studio Solution File, Format Version 12.00
# Visual Studio Version 17
VisualStudioVersion = 17.9.34728.123
MinimumVisualStudioVersion = 10.0.40219.1
Project("{FAE04EC0-301F-11D3-BF4B-00C04F79EFBC}") = "sistemaR", "sistemaR.csproj", "{335D505A-1DE7-444D-8669-F8D51A54B460}"
EndProject
Global
	GlobalSection(SolutionConfigurationPlatforms) = preSolution
		Debug|Any CPU = Debug|Any CPU
		Release|Any CPU = Release|Any CPU
	EndGlobalSection
	GlobalSection(ProjectConfigurationPlatforms) = postSolution
		{335D505A-1DE7-444D-8669-F8D51A54B460}.Debug|Any CPU.ActiveCfg = Debug|Any CPU
		{335D505A-1DE7-444D-8669-F8D51A54B460}.Debug|Any CPU.Build.0 = Debug|Any CPU
		{335D505A-1DE7-444D-8669-F8D51A54B460}.Release|Any CPU.ActiveCfg = Release|Any CPU
		{335D505A-1DE7-444D-8669-F8D51A54B460}.Release|Any CPU.Build.0 = Release|Any CPU
	EndGlobalSection
	GlobalSection(SolutionProperties) = preSolution
		HideSolutionNode = FALSE
	EndGlobalSection
	GlobalSection(ExtensibilityGlobals) = postSolution
		SolutionGuid = {9E40BE21-EFD8-4BD5-970E-F6489960257F}
	EndGlobalSection
EndGlobal
